# THIS IS AN AUTOGENERATED FILE. DO NOT EDIT THIS FILE DIRECTLY.
# yarn lockfile v1


axis.js@1.2.1:
  version "1.2.1"
  resolved "https://registry.yarnpkg.com/axis.js/-/axis.js-1.2.1.tgz#092de84493789e1f822aa2eee592c7e3bc4de8fb"
  integrity sha1-CS3oRJN4nh+CKqLu5ZLH47xN6Ps=

honeycomb-grid@^3.1.5:
  version "3.1.5"
  resolved "https://registry.yarnpkg.com/honeycomb-grid/-/honeycomb-grid-3.1.5.tgz#ece9db9fdf26bce58802a685c615456b26691601"
  integrity sha512-FZVrDsag1IlsNcyfoU1QCX2waQH3CwiNsj9tFFyEyp3Ow3zScunVLsYmppDRnxFYC5CnVed88QyWFzSu9fRz1Q==
  dependencies:
    axis.js "1.2.1"
